// !$*UTF8*$!
{
	archiveVersion = 1;
	classes = {
	};
	objectVersion = 77;
	objects = {

/* Begin PBXContainerItemProxy section */
		24FD6AA02F21CA79003E8DED /* PBXContainerItemProxy */ = {
			isa = PBXContainerItemProxy;
			containerPortal = 24FD6A8A2F21CA77003E8DED /* Project object */;
			proxyType = 1;
			remoteGlobalIDString = 24FD6A912F21CA77003E8DED;
			remoteInfo = ServerMonitor;
		};
		24FD6AAA2F21CA79003E8DED /* PBXContainerItemProxy */ = {
			isa = PBXContainerItemProxy;
			containerPortal = 24FD6A8A2F21CA77003E8DED /* Project object */;
			proxyType = 1;
			remoteGlobalIDString = 24FD6A912F21CA77003E8DED;
			remoteInfo = ServerMonitor;
		};
/* End PBXContainerItemProxy section */

/* Begin PBXFileReference section */
		24FD6A922F21CA77003E8DED /* ServerMonitor.app */ = {isa = PBXFileReference; explicitFileType = wrapper.application; includeInIndex = 0; path = ServerMonitor.app; sourceTree = BUILT_PRODUCTS_DIR; };
		24FD6A9F2F21CA79003E8DED /* ServerMonitorTests.xctest */ = {isa = PBXFileReference; explicitFileType = wrapper.cfbundle; includeInIndex = 0; path = ServerMonitorTests.xctest; sourceTree = BUILT_PRODUCTS_DIR; };
		24FD6AA92F21CA79003E8DED /* ServerMonitorUITests.xctest */ = {isa = PBXFileReference; explicitFileType = wrapper.cfbundle; includeInIndex = 0; path = ServerMonitorUITests.xctest; sourceTree = BUILT_PRODUCTS_DIR; };
/* End PBXFileReference section */

/* Begin PBXFileSystemSynchronizedRootGroup section */
		24FD6A942F21CA77003E8DED /* ServerMonitor */ = {
			isa = PBXFileSystemSynchronizedRootGroup;
			path = ServerMonitor;
			sourceTree = "<group>";
		};
		24FD6AA22F21CA79003E8DED /* ServerMonitorTests */ = {
			isa = PBXFileSystemSynchronizedRootGroup;
			path = ServerMonitorTests;
			sourceTree = "<group>";
		};
		24FD6AAC2F21CA79003E8DED /* ServerMonitorUITests */ = {
			isa = PBXFileSystemSynchronizedRootGroup;
			path = ServerMonitorUITests;
			sourceTree = "<group>";
		};
/* End PBXFileSystemSynchronizedRootGroup section */

/* Begin PBXFrameworksBuildPhase section */
		24FD6A8F2F21CA77003E8DED /* Frameworks */ = {
			isa = PBXFrameworksBuildPhase;
			buildActionMask = 2147483647;
			files = (
			);
			runOnlyForDeploymentPostprocessing = 0;
		};
		24FD6A9C2F21CA79003E8DED /* Frameworks */ = {
			isa = PBXFrameworksBuildPhase;
			buildActionMask = 2147483647;
			files = (
			);
			runOnlyForDeploymentPostprocessing = 0;
		};
		24FD6AA62F21CA79003E8DED /* Frameworks */ = {
			isa = PBXFrameworksBuildPhase;
			buildActionMask = 2147483647;
			files = (
			);
			runOnlyForDeploymentPostprocessing = 0;
		};
/* End PBXFrameworksBuildPhase section */

/* Begin PBXGroup section */
		24FD6A892F21CA77003E8DED = {
			isa = PBXGroup;
			children = (
				24FD6A942F21CA77003E8DED /* ServerMonitor */,
				24FD6AA22F21CA79003E8DED /* ServerMonitorTests */,
				24FD6AAC2F21CA79003E8DED /* ServerMonitorUITests */,
				24FD6A932F21CA77003E8DED /* Products */,
			);
			sourceTree = "<group>";
		};
		24FD6A932F21CA77003E8DED /* Products */ = {
			isa = PBXGroup;
			children = (
				24FD6A922F21CA77003E8DED /* ServerMonitor.app */,
				24FD6A9F2F21CA79003E8DED /* ServerMonitorTests.xctest */,
				24FD6AA92F21CA79003E8DED /* ServerMonitorUITests.xctest */,
			);
			name = Products;
			sourceTree = "<group>";
		};
/* End PBXGroup section */

/* Begin PBXNativeTarget section */
		24FD6A912F21CA77003E8DED /* ServerMonitor */ = {
			isa = PBXNativeTarget;
			buildConfigurationList = 24FD6AB32F21CA79003E8DED /* Build configuration list for PBXNativeTarget "ServerMonitor" */;
			buildPhases = (
				24FD6A8E2F21CA77003E8DED /* Sources */,
				24FD6A8F2F21CA77003E8DED /* Frameworks */,
				24FD6A902F21CA77003E8DED /* Resources */,
			);
			buildRules = (
			);
			dependencies = (
			);
			fileSystemSynchronizedGroups = (
				24FD6A942F21CA77003E8DED /* ServerMonitor */,
			);
			name = ServerMonitor;
			packageProductDependencies = (
			);
			productName = ServerMonitor;
			productReference = 24FD6A922F21CA77003E8DED /* ServerMonitor.app */;
			productType = "com.apple.product-type.application";
		};
		24FD6A9E2F21CA79003E8DED /* ServerMonitorTests */ = {
			isa = PBXNativeTarget;
			buildConfigurationList = 24FD6AB62F21CA79003E8DED /* Build configuration list for PBXNativeTarget "ServerMonitorTests" */;
			buildPhases = (
				24FD6A9B2F21CA79003E8DED /* Sources */,
				24FD6A9C2F21CA79003E8DED /* Frameworks */,
				24FD6A9D2F21CA79003E8DED /* Resources */,
			);
			buildRules = (
			);
			dependencies = (
				24FD6AA12F21CA79003E8DED /* PBXTargetDependency */,
			);
			fileSystemSynchronizedGroups = (
				24FD6AA22F21CA79003E8DED /* ServerMonitorTests */,
			);
			name = ServerMonitorTests;
			packageProductDependencies = (
			);
			productName = ServerMonitorTests;
			productReference = 24FD6A9F2F21CA79003E8DED /* ServerMonitorTests.xctest */;
			productType = "com.apple.product-type.bundle.unit-test";
		};
		24FD6AA82F21CA79003E8DED /* ServerMonitorUITests */ = {
			isa = PBXNativeTarget;
			buildConfigurationList = 24FD6AB92F21CA79003E8DED /* Build configuration list for PBXNativeTarget "ServerMonitorUITests" */;
			buildPhases = (
				24FD6AA52F21CA79003E8DED /* Sources */,
				24FD6AA62F21CA79003E8DED /* Frameworks */,
				24FD6AA72F21CA79003E8DED /* Resources */,
			);
			buildRules = (
			);
			dependencies = (
				24FD6AAB2F21CA79003E8DED /* PBXTargetDependency */,
			);
			fileSystemSynchronizedGroups = (
				24FD6AAC2F21CA79003E8DED /* ServerMonitorUITests */,
			);
			name = ServerMonitorUITests;
			packageProductDependencies = (
			);
			productName = ServerMonitorUITests;
			productReference = 24FD6AA92F21CA79003E8DED /* ServerMonitorUITests.xctest */;
			productType = "com.apple.product-type.bundle.ui-testing";
		};
/* End PBXNativeTarget section */

/* Begin PBXProject section */
		24FD6A8A2F21CA77003E8DED /* Project object */ = {
			isa = PBXProject;
			attributes = {
				BuildIndependentTargetsInParallel = 1;
				LastSwiftUpdateCheck = 2620;
				LastUpgradeCheck = 2620;
				TargetAttributes = {
					24FD6A912F21CA77003E8DED = {
						CreatedOnToolsVersion = 26.2;
					};
					24FD6A9E2F21CA79003E8DED = {
						CreatedOnToolsVersion = 26.2;
						TestTargetID = 24FD6A912F21CA77003E8DED;
					};
					24FD6AA82F21CA79003E8DED = {
						CreatedOnToolsVersion = 26.2;
						TestTargetID = 24FD6A912F21CA77003E8DED;
					};
				};
			};
			buildConfigurationList = 24FD6A8D2F21CA77003E8DED /* Build configuration list for PBXProject "ServerMonitor" */;
			developmentRegion = en;
			hasScannedForEncodings = 0;
			knownRegions = (
				en,
				Base,
			);
			mainGroup = 24FD6A892F21CA77003E8DED;
			minimizedProjectReferenceProxies = 1;
			preferredProjectObjectVersion = 77;
			productRefGroup = 24FD6A932F21CA77003E8DED /* Products */;
			projectDirPath = "";
			projectRoot = "";
			targets = (
				24FD6A912F21CA77003E8DED /* ServerMonitor */,
				24FD6A9E2F21CA79003E8DED /* ServerMonitorTests */,
				24FD6AA82F21CA79003E8DED /* ServerMonitorUITests */,
			);
		};
/* End PBXProject section */

/* Begin PBXResourcesBuildPhase section */
		24FD6A902F21CA77003E8DED /* Resources */ = {
			isa = PBXResourcesBuildPhase;
			buildActionMask = 2147483647;
			files = (
			);
			runOnlyForDeploymentPostprocessing = 0;
		};
		24FD6A9D2F21CA79003E8DED /* Resources */ = {
			isa = PBXResourcesBuildPhase;
			buildActionMask = 2147483647;
			files = (
			);
			runOnlyForDeploymentPostprocessing = 0;
		};
		24FD6AA72F21CA79003E8DED /* Resources */ = {
			isa = PBXResourcesBuildPhase;
			buildActionMask = 2147483647;
			files = (
			);
			runOnlyForDeploymentPostprocessing = 0;
		};
/* End PBXResourcesBuildPhase section */

/* Begin PBXSourcesBuildPhase section */
		24FD6A8E2F21CA77003E8DED /* Sources */ = {
			isa = PBXSourcesBuildPhase;
			buildActionMask = 2147483647;
			files = (
			);
			runOnlyForDeploymentPostprocessing = 0;
		};
		24FD6A9B2F21CA79003E8DED /* Sources */ = {
			isa = PBXSourcesBuildPhase;
			buildActionMask = 2147483647;
			files = (
			);
			runOnlyForDeploymentPostprocessing = 0;
		};
		24FD6AA52F21CA79003E8DED /* Sources */ = {
			isa = PBXSourcesBuildPhase;
			buildActionMask = 2147483647;
			files = (
			);
			runOnlyForDeploymentPostprocessing = 0;
		};
/* End PBXSourcesBuildPhase section */

/* Begin PBXTargetDependency section */
		24FD6AA12F21CA79003E8DED /* PBXTargetDependency */ = {
			isa = PBXTargetDependency;
			target = 24FD6A912F21CA77003E8DED /* ServerMonitor */;
			targetProxy = 24FD6AA02F21CA79003E8DED /* PBXContainerItemProxy */;
		};
		24FD6AAB2F21CA79003E8DED /* PBXTargetDependency */ = {
			isa = PBXTargetDependency;
			target = 24FD6A912F21CA77003E8DED /* ServerMonitor */;
			targetProxy = 24FD6AAA2F21CA79003E8DED /* PBXContainerItemProxy */;
		};
/* End PBXTargetDependency section */

/* Begin XCBuildConfiguration section */
		24FD6AB12F21CA79003E8DED /* Debug */ = {
			isa = XCBuildConfiguration;
			buildSettings = {
				ALWAYS_SEARCH_USER_PATHS = NO;
				ASSETCATALOG_COMPILER_GENERATE_SWIFT_ASSET_SYMBOL_EXTENSIONS = YES;
				CLANG_ANALYZER_NONNULL = YES;
				CLANG_ANALYZER_NUMBER_OBJECT_CONVERSION = YES_AGGRESSIVE;
				CLANG_CXX_LANGUAGE_STANDARD = "gnu++20";
				CLANG_ENABLE_MODULES = YES;
				CLANG_ENABLE_OBJC_ARC = YES;
				CLANG_ENABLE_OBJC_WEAK = YES;
				CLANG_WARN_BLOCK_CAPTURE_AUTORELEASING = YES;
				CLANG_WARN_BOOL_CONVERSION = YES;
				CLANG_WARN_COMMA = YES;
				CLANG_WARN_CONSTANT_CONVERSION = YES;
				CLANG_WARN_DEPRECATED_OBJC_IMPLEMENTATIONS = YES;
				CLANG_WARN_DIRECT_OBJC_ISA_USAGE = YES_ERROR;
				CLANG_WARN_DOCUMENTATION_COMMENTS = YES;
				CLANG_WARN_EMPTY_BODY = YES;
				CLANG_WARN_ENUM_CONVERSION = YES;
				CLANG_WARN_INFINITE_RECURSION = YES;
				CLANG_WARN_INT_CONVERSION = YES;
				CLANG_WARN_NON_LITERAL_NULL_CONVERSION = YES;
				CLANG_WARN_OBJC_IMPLICIT_RETAIN_SELF = YES;
				CLANG_WARN_OBJC_LITERAL_CONVERSION = YES;
				CLANG_WARN_OBJC_ROOT_CLASS = YES_ERROR;
				CLANG_WARN_QUOTED_INCLUDE_IN_FRAMEWORK_HEADER = YES;
				CLANG_WARN_RANGE_LOOP_ANALYSIS = YES;
				CLANG_WARN_STRICT_PROTOTYPES = YES;
				CLANG_WARN_SUSPICIOUS_MOVE = YES;
				CLANG_WARN_UNGUARDED_AVAILABILITY = YES_AGGRESSIVE;
				CLANG_WARN_UNREACHABLE_CODE = YES;
				CLANG_WARN__DUPLICATE_METHOD_MATCH = YES;
				COPY_PHASE_STRIP = NO;
				DEBUG_INFORMATION_FORMAT = dwarf;
				DEVELOPMENT_TEAM = 6T569QU9JD;
				ENABLE_STRICT_OBJC_MSGSEND = YES;
				ENABLE_TESTABILITY = YES;
				ENABLE_USER_SCRIPT_SANDBOXING = YES;
				GCC_C_LANGUAGE_STANDARD = gnu17;
				GCC_DYNAMIC_NO_PIC = NO;
				GCC_NO_COMMON_BLOCKS = YES;
				GCC_OPTIMIZATION_LEVEL = 0;
				GCC_PREPROCESSOR_DEFINITIONS = (
					"DEBUG=1",
					"$(inherited)",
				);
				GCC_WARN_64_TO_32_BIT_CONVERSION = YES;
				GCC_WARN_ABOUT_RETURN_TYPE = YES_ERROR;
				GCC_WARN_UNDECLARED_SELECTOR = YES;
				GCC_WARN_UNINITIALIZED_AUTOS = YES_AGGRESSIVE;
				GCC_WARN_UNUSED_FUNCTION = YES;
				GCC_WARN_UNUSED_VARIABLE = YES;
				LOCALIZATION_PREFERS_STRING_CATALOGS = YES;
				MACOSX_DEPLOYMENT_TARGET = 26.2;
				MTL_ENABLE_DEBUG_INFO = INCLUDE_SOURCE;
				MTL_FAST_MATH = YES;
				ONLY_ACTIVE_ARCH = YES;
				SDKROOT = macosx;
				SWIFT_ACTIVE_COMPILATION_CONDITIONS = "DEBUG $(inherited)";
				SWIFT_OPTIMIZATION_LEVEL = "-Onone";
			};
			name = Debug;
		};
		24FD6AB22F21CA79003E8DED /* Release */ = {
			isa = XCBuildConfiguration;
			buildSettings = {
				ALWAYS_SEARCH_USER_PATHS = NO;
				ASSETCATALOG_COMPILER_GENERATE_SWIFT_ASSET_SYMBOL_EXTENSIONS = YES;
				CLANG_ANALYZER_NONNULL = YES;
				CLANG_ANALYZER_NUMBER_OBJECT_CONVERSION = YES_AGGRESSIVE;
				CLANG_CXX_LANGUAGE_STANDARD = "gnu++20";
				CLANG_ENABLE_MODULES = YES;
				CLANG_ENABLE_OBJC_ARC = YES;
				CLANG_ENABLE_OBJC_WEAK = YES;
				CLANG_WARN_BLOCK_CAPTURE_AUTORELEASING = YES;
				CLANG_WARN_BOOL_CONVERSION = YES;
				CLANG_WARN_COMMA = YES;
				CLANG_WARN_CONSTANT_CONVERSION = YES;
				CLANG_WARN_DEPRECATED_OBJC_IMPLEMENTATIONS = YES;
				CLANG_WARN_DIRECT_OBJC_ISA_USAGE = YES_ERROR;
				CLANG_WARN_DOCUMENTATION_COMMENTS = YES;
				CLANG_WARN_EMPTY_BODY = YES;
				CLANG_WARN_ENUM_CONVERSION = YES;
				CLANG_WARN_INFINITE_RECURSION = YES;
				CLANG_WARN_INT_CONVERSION = YES;
				CLANG_WARN_NON_LITERAL_NULL_CONVERSION = YES;
				CLANG_WARN_OBJC_IMPLICIT_RETAIN_SELF = YES;
				CLANG_WARN_OBJC_LITERAL_CONVERSION = YES;
				CLANG_WARN_OBJC_ROOT_CLASS = YES_ERROR;
				CLANG_WARN_QUOTED_INCLUDE_IN_FRAMEWORK_HEADER = YES;
				CLANG_WARN_RANGE_LOOP_ANALYSIS = YES;
				CLANG_WARN_STRICT_PROTOTYPES = YES;
				CLANG_WARN_SUSPICIOUS_MOVE = YES;
				CLANG_WARN_UNGUARDED_AVAILABILITY = YES_AGGRESSIVE;
				CLANG_WARN_UNREACHABLE_CODE = YES;
				CLANG_WARN__DUPLICATE_METHOD_MATCH = YES;
				COPY_PHASE_STRIP = NO;
				DEBUG_INFORMATION_FORMAT = "dwarf-with-dsym";
				DEVELOPMENT_TEAM = 6T569QU9JD;
				ENABLE_NS_ASSERTIONS = NO;
				ENABLE_STRICT_OBJC_MSGSEND = YES;
				ENABLE_USER_SCRIPT_SANDBOXING = YES;
				GCC_C_LANGUAGE_STANDARD = gnu17;
				GCC_NO_COMMON_BLOCKS = YES;
				GCC_WARN_64_TO_32_BIT_CONVERSION = YES;
				GCC_WARN_ABOUT_RETURN_TYPE = YES_ERROR;
				GCC_WARN_UNDECLARED_SELECTOR = YES;
				GCC_WARN_UNINITIALIZED_AUTOS = YES_AGGRESSIVE;
				GCC_WARN_UNUSED_FUNCTION = YES;
				GCC_WARN_UNUSED_VARIABLE = YES;
				LOCALIZATION_PREFERS_STRING_CATALOGS = YES;
				MACOSX_DEPLOYMENT_TARGET = 26.2;
				MTL_ENABLE_DEBUG_INFO = NO;
				MTL_FAST_MATH = YES;
				SDKROOT = macosx;
				SWIFT_COMPILATION_MODE = wholemodule;
			};
			name = Release;
		};
		24FD6AB42F21CA79003E8DED /* Debug */ = {
			isa = XCBuildConfiguration;
			buildSettings = {
				ASSETCATALOG_COMPILER_APPICON_NAME = AppIcon;
				ASSETCATALOG_COMPILER_GLOBAL_ACCENT_COLOR_NAME = AccentColor;
				CODE_SIGN_STYLE = Automatic;
				COMBINE_HIDPI_IMAGES = YES;
				CURRENT_PROJECT_VERSION = 1;
				DEVELOPMENT_TEAM = 6T569QU9JD;
				ENABLE_APP_SANDBOX = NO;
				ENABLE_HARDENED_RUNTIME = YES;
				ENABLE_PREVIEWS = YES;
				ENABLE_USER_SELECTED_FILES = readonly;
				GENERATE_INFOPLIST_FILE = YES;
				INFOPLIST_KEY_LSUIElement = NO;
				INFOPLIST_KEY_NSHumanReadableCopyright = "";
				LD_RUNPATH_SEARCH_PATHS = (
					"$(inherited)",
					"@executable_path/../Frameworks",
				);
				MARKETING_VERSION = 1.0;
				PRODUCT_BUNDLE_IDENTIFIER = com.furvur.ServerMonitor;
				PRODUCT_NAME = "$(TARGET_NAME)";
				REGISTER_APP_GROUPS = YES;
				STRING_CATALOG_GENERATE_SYMBOLS = YES;
				SWIFT_APPROACHABLE_CONCURRENCY = YES;
				SWIFT_DEFAULT_ACTOR_ISOLATION = MainActor;
				SWIFT_EMIT_LOC_STRINGS = YES;
				SWIFT_UPCOMING_FEATURE_MEMBER_IMPORT_VISIBILITY = YES;
				SWIFT_VERSION = 5.0;
			};
			name = Debug;
		};
		24FD6AB52F21CA79003E8DED /* Release */ = {
			isa = XCBuildConfiguration;
			buildSettings = {
				ASSETCATALOG_COMPILER_APPICON_NAME = AppIcon;
				ASSETCATALOG_COMPILER_GLOBAL_ACCENT_COLOR_NAME = AccentColor;
				CODE_SIGN_STYLE = Automatic;
				COMBINE_HIDPI_IMAGES = YES;
				CURRENT_PROJECT_VERSION = 1;
				DEVELOPMENT_TEAM = 6T569QU9JD;
				ENABLE_APP_SANDBOX = NO;
				ENABLE_HARDENED_RUNTIME = YES;
				ENABLE_PREVIEWS = YES;
				ENABLE_USER_SELECTED_FILES = readonly;
				GENERATE_INFOPLIST_FILE = YES;
				INFOPLIST_KEY_LSUIElement = NO;
				INFOPLIST_KEY_NSHumanReadableCopyright = "";
				LD_RUNPATH_SEARCH_PATHS = (
					"$(inherited)",
					"@executable_path/../Frameworks",
				);
				MARKETING_VERSION = 1.0;
				PRODUCT_BUNDLE_IDENTIFIER = com.furvur.ServerMonitor;
				PRODUCT_NAME = "$(TARGET_NAME)";
				REGISTER_APP_GROUPS = YES;
				STRING_CATALOG_GENERATE_SYMBOLS = YES;
				SWIFT_APPROACHABLE_CONCURRENCY = YES;
				SWIFT_DEFAULT_ACTOR_ISOLATION = MainActor;
				SWIFT_EMIT_LOC_STRINGS = YES;
				SWIFT_UPCOMING_FEATURE_MEMBER_IMPORT_VISIBILITY = YES;
				SWIFT_VERSION = 5.0;
			};
			name = Release;
		};
		24FD6AB72F21CA79003E8DED /* Debug */ = {
			isa = XCBuildConfiguration;
			buildSettings = {
				BUNDLE_LOADER = "$(TEST_HOST)";
				CODE_SIGN_STYLE = Automatic;
				CURRENT_PROJECT_VERSION = 1;
				DEVELOPMENT_TEAM = 6T569QU9JD;
				GENERATE_INFOPLIST_FILE = YES;
				MACOSX_DEPLOYMENT_TARGET = 26.2;
				MARKETING_VERSION = 1.0;
				PRODUCT_BUNDLE_IDENTIFIER = com.furvur.ServerMonitorTests;
				PRODUCT_NAME = "$(TARGET_NAME)";
				STRING_CATALOG_GENERATE_SYMBOLS = NO;
				SWIFT_APPROACHABLE_CONCURRENCY = YES;
				SWIFT_EMIT_LOC_STRINGS = NO;
				SWIFT_UPCOMING_FEATURE_MEMBER_IMPORT_VISIBILITY = YES;
				SWIFT_VERSION = 5.0;
				TEST_HOST = "$(BUILT_PRODUCTS_DIR)/ServerMonitor.app/$(BUNDLE_EXECUTABLE_FOLDER_PATH)/ServerMonitor";
			};
			name = Debug;
		};
		24FD6AB82F21CA79003E8DED /* Release */ = {
			isa = XCBuildConfiguration;
			buildSettings = {
				BUNDLE_LOADER = "$(TEST_HOST)";
				CODE_SIGN_STYLE = Automatic;
				CURRENT_PROJECT_VERSION = 1;
				DEVELOPMENT_TEAM = 6T569QU9JD;
				GENERATE_INFOPLIST_FILE = YES;
				MACOSX_DEPLOYMENT_TARGET = 26.2;
				MARKETING_VERSION = 1.0;
				PRODUCT_BUNDLE_IDENTIFIER = com.furvur.ServerMonitorTests;
				PRODUCT_NAME = "$(TARGET_NAME)";
				STRING_CATALOG_GENERATE_SYMBOLS = NO;
				SWIFT_APPROACHABLE_CONCURRENCY = YES;
				SWIFT_EMIT_LOC_STRINGS = NO;
				SWIFT_UPCOMING_FEATURE_MEMBER_IMPORT_VISIBILITY = YES;
				SWIFT_VERSION = 5.0;
				TEST_HOST = "$(BUILT_PRODUCTS_DIR)/ServerMonitor.app/$(BUNDLE_EXECUTABLE_FOLDER_PATH)/ServerMonitor";
			};
			name = Release;
		};
		24FD6ABA2F21CA79003E8DED /* Debug */ = {
			isa = XCBuildConfiguration;
			buildSettings = {
				CODE_SIGN_STYLE = Automatic;
				CURRENT_PROJECT_VERSION = 1;
				DEVELOPMENT_TEAM = 6T569QU9JD;
				GENERATE_INFOPLIST_FILE = YES;
				MARKETING_VERSION = 1.0;
				PRODUCT_BUNDLE_IDENTIFIER = com.furvur.ServerMonitorUITests;
				PRODUCT_NAME = "$(TARGET_NAME)";
				STRING_CATALOG_GENERATE_SYMBOLS = NO;
				SWIFT_APPROACHABLE_CONCURRENCY = YES;
				SWIFT_EMIT_LOC_STRINGS = NO;
				SWIFT_UPCOMING_FEATURE_MEMBER_IMPORT_VISIBILITY = YES;
				SWIFT_VERSION = 5.0;
				TEST_TARGET_NAME = ServerMonitor;
			};
			name = Debug;
		};
		24FD6ABB2F21CA79003E8DED /* Release */ = {
			isa = XCBuildConfiguration;
			buildSettings = {
				CODE_SIGN_STYLE = Automatic;
				CURRENT_PROJECT_VERSION = 1;
				DEVELOPMENT_TEAM = 6T569QU9JD;
				GENERATE_INFOPLIST_FILE = YES;
				MARKETING_VERSION = 1.0;
				PRODUCT_BUNDLE_IDENTIFIER = com.furvur.ServerMonitorUITests;
				PRODUCT_NAME = "$(TARGET_NAME)";
				STRING_CATALOG_GENERATE_SYMBOLS = NO;
				SWIFT_APPROACHABLE_CONCURRENCY = YES;
				SWIFT_EMIT_LOC_STRINGS = NO;
				SWIFT_UPCOMING_FEATURE_MEMBER_IMPORT_VISIBILITY = YES;
				SWIFT_VERSION = 5.0;
				TEST_TARGET_NAME = ServerMonitor;
			};
			name = Release;
		};
/* End XCBuildConfiguration section */

/* Begin XCConfigurationList section */
		24FD6A8D2F21CA77003E8DED /* Build configuration list for PBXProject "ServerMonitor" */ = {
			isa = XCConfigurationList;
			buildConfigurations = (
				24FD6AB12F21CA79003E8DED /* Debug */,
				24FD6AB22F21CA79003E8DED /* Release */,
			);
			defaultConfigurationIsVisible = 0;
			defaultConfigurationName = Release;
		};
		24FD6AB32F21CA79003E8DED /* Build configuration list for PBXNativeTarget "ServerMonitor" */ = {
			isa = XCConfigurationList;
			buildConfigurations = (
				24FD6AB42F21CA79003E8DED /* Debug */,
				24FD6AB52F21CA79003E8DED /* Release */,
			);
			defaultConfigurationIsVisible = 0;
			defaultConfigurationName = Release;
		};
		24FD6AB62F21CA79003E8DED /* Build configuration list for PBXNativeTarget "ServerMonitorTests" */ = {
			isa = XCConfigurationList;
			buildConfigurations = (
				24FD6AB72F21CA79003E8DED /* Debug */,
				24FD6AB82F21CA79003E8DED /* Release */,
			);
			defaultConfigurationIsVisible = 0;
			defaultConfigurationName = Release;
		};
		24FD6AB92F21CA79003E8DED /* Build configuration list for PBXNativeTarget "ServerMonitorUITests" */ = {
			isa = XCConfigurationList;
			buildConfigurations = (
				24FD6ABA2F21CA79003E8DED /* Debug */,
				24FD6ABB2F21CA79003E8DED /* Release */,
			);
			defaultConfigurationIsVisible = 0;
			defaultConfigurationName = Release;
		};
/* End XCConfigurationList section */
	};
	rootObject = 24FD6A8A2F21CA77003E8DED /* Project object */;
}
